PODS:
  - Alamofire (5.5.0)
  - AppAuth (1.4.0):
    - AppAuth/Core (= 1.4.0)
    - AppAuth/ExternalUserAgent (= 1.4.0)
  - AppAuth/Core (1.4.0)
  - AppAuth/ExternalUserAgent (1.4.0)
  - Firebase (8.11.0):
    - Firebase/Core (= 8.11.0)
  - Firebase/Auth (8.11.0):
    - Firebase/CoreOnly
    - FirebaseAuth (~> 8.11.0)
  - Firebase/Core (8.11.0):
    - Firebase/CoreOnly
    - FirebaseAnalytics (~> 8.11.0)
  - Firebase/CoreOnly (8.11.0):
    - FirebaseCore (= 8.11.0)
  - Firebase/Database (8.11.0):
    - Firebase/CoreOnly
    - FirebaseDatabase (~> 8.11.0)
  - FirebaseAnalytics (8.11.0):
    - FirebaseAnalytics/AdIdSupport (= 8.11.0)
    - FirebaseCore (~> 8.0)
    - FirebaseInstallations (~> 8.0)
    - GoogleUtilities/AppDelegateSwizzler (~> 7.7)
    - GoogleUtilities/MethodSwizzler (~> 7.7)
    - GoogleUtilities/Network (~> 7.7)
    - "GoogleUtilities/NSData+zlib (~> 7.7)"
    - nanopb (~> 2.30908.0)
  - FirebaseAnalytics/AdIdSupport (8.11.0):
    - FirebaseCore (~> 8.0)
    - FirebaseInstallations (~> 8.0)
    - GoogleAppMeasurement (= 8.11.0)
    - GoogleUtilities/AppDelegateSwizzler (~> 7.7)
    - GoogleUtilities/MethodSwizzler (~> 7.7)
    - GoogleUtilities/Network (~> 7.7)
    - "GoogleUtilities/NSData+zlib (~> 7.7)"
    - nanopb (~> 2.30908.0)
  - FirebaseAuth (8.11.0):
    - FirebaseCore (~> 8.0)
    - GoogleUtilities/AppDelegateSwizzler (~> 7.7)
    - GoogleUtilities/Environment (~> 7.7)
    - GTMSessionFetcher/Core (~> 1.5)
  - FirebaseCore (8.11.0):
    - FirebaseCoreDiagnostics (~> 8.0)
    - GoogleUtilities/Environment (~> 7.7)
    - GoogleUtilities/Logger (~> 7.7)
  - FirebaseCoreDiagnostics (8.11.0):
    - GoogleDataTransport (~> 9.1)
    - GoogleUtilities/Environment (~> 7.7)
    - GoogleUtilities/Logger (~> 7.7)
    - nanopb (~> 2.30908.0)
  - FirebaseDatabase (8.11.0):
    - FirebaseCore (~> 8.0)
    - leveldb-library (~> 1.22)
  - FirebaseInstallations (8.11.0):
    - FirebaseCore (~> 8.0)
    - GoogleUtilities/Environment (~> 7.7)
    - GoogleUtilities/UserDefaults (~> 7.7)
    - PromisesObjC (< 3.0, >= 1.2)
  - GoogleAppMeasurement (8.11.0):
    - GoogleAppMeasurement/AdIdSupport (= 8.11.0)
    - GoogleUtilities/AppDelegateSwizzler (~> 7.7)
    - GoogleUtilities/MethodSwizzler (~> 7.7)
    - GoogleUtilities/Network (~> 7.7)
    - "GoogleUtilities/NSData+zlib (~> 7.7)"
    - nanopb (~> 2.30908.0)
  - GoogleAppMeasurement/AdIdSupport (8.11.0):
    - GoogleAppMeasurement/WithoutAdIdSupport (= 8.11.0)
    - GoogleUtilities/AppDelegateSwizzler (~> 7.7)
    - GoogleUtilities/MethodSwizzler (~> 7.7)
    - GoogleUtilities/Network (~> 7.7)
    - "GoogleUtilities/NSData+zlib (~> 7.7)"
    - nanopb (~> 2.30908.0)
  - GoogleAppMeasurement/WithoutAdIdSupport (8.11.0):
    - GoogleUtilities/AppDelegateSwizzler (~> 7.7)
    - GoogleUtilities/MethodSwizzler (~> 7.7)
    - GoogleUtilities/Network (~> 7.7)
    - "GoogleUtilities/NSData+zlib (~> 7.7)"
    - nanopb (~> 2.30908.0)
  - GoogleDataTransport (9.1.2):
    - GoogleUtilities/Environment (~> 7.2)
    - nanopb (~> 2.30908.0)
    - PromisesObjC (< 3.0, >= 1.2)
  - GoogleSignIn (6.1.0):
    - AppAuth (~> 1.4)
    - GTMAppAuth (~> 1.0)
    - GTMSessionFetcher/Core (~> 1.1)
  - GoogleUtilities/AppDelegateSwizzler (7.7.0):
    - GoogleUtilities/Environment
    - GoogleUtilities/Logger
    - GoogleUtilities/Network
  - GoogleUtilities/Environment (7.7.0):
    - PromisesObjC (< 3.0, >= 1.2)
  - GoogleUtilities/Logger (7.7.0):
    - GoogleUtilities/Environment
  - GoogleUtilities/MethodSwizzler (7.7.0):
    - GoogleUtilities/Logger
  - GoogleUtilities/Network (7.7.0):
    - GoogleUtilities/Logger
    - "GoogleUtilities/NSData+zlib"
    - GoogleUtilities/Reachability
  - "GoogleUtilities/NSData+zlib (7.7.0)"
  - GoogleUtilities/Reachability (7.7.0):
    - GoogleUtilities/Logger
  - GoogleUtilities/UserDefaults (7.7.0):
    - GoogleUtilities/Logger
  - GTMAppAuth (1.2.2):
    - AppAuth/Core (~> 1.4)
    - GTMSessionFetcher/Core (~> 1.5)
  - GTMSessionFetcher/Core (1.7.0)
  - IQKeyboardManager (6.5.9)
  - leveldb-library (1.22.1)
  - Mantis (1.9.0)
  - nanopb (2.30908.0):
    - nanopb/decode (= 2.30908.0)
    - nanopb/encode (= 2.30908.0)
  - nanopb/decode (2.30908.0)
  - nanopb/encode (2.30908.0)
  - NVActivityIndicatorView (5.1.1):
    - NVActivityIndicatorView/Base (= 5.1.1)
  - NVActivityIndicatorView/Base (5.1.1)
  - PhotoRoomKit (0.0.3)
  - PromisesObjC (2.0.0)
  - SDWebImage (5.12.3):
    - SDWebImage/Core (= 5.12.3)
  - SDWebImage/Core (5.12.3)
  - Sketch (3.0)
  - SwiftyJSON (5.0.1)

DEPENDENCIES:
  - Alamofire
  - Firebase
  - Firebase/Auth
  - Firebase/Database
  - GoogleSignIn
  - IQKeyboardManager
  - Mantis (~> 1.9.0)
  - NVActivityIndicatorView
  - PhotoRoomKit
  - SDWebImage (~> 5.0)
  - Sketch
  - SwiftyJSON

SPEC REPOS:
  trunk:
    - Alamofire
    - AppAuth
    - Firebase
    - FirebaseAnalytics
    - FirebaseAuth
    - FirebaseCore
    - FirebaseCoreDiagnostics
    - FirebaseDatabase
    - FirebaseInstallations
    - GoogleAppMeasurement
    - GoogleDataTransport
    - GoogleSignIn
    - GoogleUtilities
    - GTMAppAuth
    - GTMSessionFetcher
    - IQKeyboardManager
    - leveldb-library
    - Mantis
    - nanopb
    - NVActivityIndicatorView
    - PhotoRoomKit
    - PromisesObjC
    - SDWebImage
    - Sketch
    - SwiftyJSON

SPEC CHECKSUMS:
  Alamofire: 1c4fb5369c3fe93d2857c780d8bbe09f06f97e7c
  AppAuth: 31bcec809a638d7bd2f86ea8a52bd45f6e81e7c7
  Firebase: 44dd9724c84df18b486639e874f31436eaa9a20c
  FirebaseAnalytics: 4e4b13031034e6561ed3bd1d47b6fdabbd6487c6
  FirebaseAuth: d96d73aba85d192d7a7aa0b86dd6d7f8ec170b4b
  FirebaseCore: 2f4f85b453cc8fea4bb2b37e370007d2bcafe3f0
  FirebaseCoreDiagnostics: 64d9709d804a6c25bd77841371c1fcfd909d5601
  FirebaseDatabase: ff9b4c7bee14d9f561f26c64a28ac083989f03d5
  FirebaseInstallations: 044eede8a049bce71c4541ee68d6e4364fcbe774
  GoogleAppMeasurement: aa3cb422fab2b05d2efac543a5720d1a85b9dea5
  GoogleDataTransport: 629c20a4d363167143f30ea78320d5a7eb8bd940
  GoogleSignIn: c90b5bec45e780f54c6a8e1e3c182a86e3dda69d
  GoogleUtilities: e0913149f6b0625b553d70dae12b49fc62914fd1
  GTMAppAuth: ad5c2b70b9a8689e1a04033c9369c4915bfcbe89
  GTMSessionFetcher: 43748f93435c2aa068b1cbe39655aaf600652e91
  IQKeyboardManager: 241cc94ccabc9deb8f8bd7d12f00d73288d13ecc
  leveldb-library: 50c7b45cbd7bf543c81a468fe557a16ae3db8729
  Mantis: 5dea32ad49addabb3247112f5b1282a6e0964bb0
  nanopb: a0ba3315591a9ae0a16a309ee504766e90db0c96
  NVActivityIndicatorView: 1f6c5687f1171810aa27a3296814dc2d7dec3667
  PhotoRoomKit: 93afaf03ad6a531ed90ee805b2bbc91360ff2d7b
  PromisesObjC: 68159ce6952d93e17b2dfe273b8c40907db5ba58
  SDWebImage: 53179a2dba77246efa8a9b85f5c5b21f8f43e38f
  Sketch: 49a4b71f7bc77316ed5f75ee79dedaa2b844d5e7
  SwiftyJSON: 2f33a42c6fbc52764d96f13368585094bfd8aa5e

PODFILE CHECKSUM: 49a89884d6b5c4ee02fc099586fb542caa8e92f3

COCOAPODS: 1.11.2
